
Microsoft Visual Studio Solution File, Format Version 12.00
# Visual Studio Version 16
VisualStudioVersion = 16.0.30204.135
MinimumVisualStudioVersion = 10.0.40219.1
Project("{FAE04EC0-301F-11D3-BF4B-00C04F79EFBC}") = "StructuralPatternsExercices", "StructuralPatternsExercices\StructuralPatternsExercices.csproj", "{A9D2D754-5E53-4757-8E58-6DF9DB8C509F}"
EndProject
Global
	GlobalSection(SolutionConfigurationPlatforms) = preSolution
		Debug|Any CPU = Debug|Any CPU
		Release|Any CPU = Release|Any CPU
	EndGlobalSection
	GlobalSection(ProjectConfigurationPlatforms) = postSolution
		{A9D2D754-5E53-4757-8E58-6DF9DB8C509F}.Debug|Any CPU.ActiveCfg = Debug|Any CPU
		{A9D2D754-5E53-4757-8E58-6DF9DB8C509F}.Debug|Any CPU.Build.0 = Debug|Any CPU
		{A9D2D754-5E53-4757-8E58-6DF9DB8C509F}.Release|Any CPU.ActiveCfg = Release|Any CPU
		{A9D2D754-5E53-4757-8E58-6DF9DB8C509F}.Release|Any CPU.Build.0 = Release|Any CPU
	EndGlobalSection
	GlobalSection(SolutionProperties) = preSolution
		HideSolutionNode = FALSE
	EndGlobalSection
	GlobalSection(ExtensibilityGlobals) = postSolution
		SolutionGuid = {C94304C6-FAF7-4396-83C1-CF3A1A31C199}
	EndGlobalSection
EndGlobal
